
Microsoft Visual Studio Solution File, Format Version 12.00
# Visual Studio Version 16
VisualStudioVersion = 16.0.29102.190
MinimumVisualStudioVersion = 10.0.40219.1
Project("{2150E333-8FDC-42A3-9474-1A3956D46DE8}") = "SWLOR.Tools", "SWLOR.Tools", "{3E2D3A7E-E4D2-433E-97D1-738405D27026}"
EndProject
Project("{9A19103F-16F7-4668-BE54-9A1E7A4F7556}") = "SWLOR.Game.Server", "SWLOR.Game.Server\SWLOR.Game.Server.csproj", "{675F8DFD-6FDB-4317-B936-AF9FCAC69D63}"
EndProject
Project("{9A19103F-16F7-4668-BE54-9A1E7A4F7556}") = "SWLOR.Game.Server.Tests", "SWLOR.Game.Server.Tests\SWLOR.Game.Server.Tests.csproj", "{3D2E9A70-63B8-45BD-BFE5-7F9979D01D55}"
EndProject
Project("{9A19103F-16F7-4668-BE54-9A1E7A4F7556}") = "SWLOR.Tools.Hak.Builder", "SWLOR.Tools.Hak.Builder\SWLOR.Tools.Hak.Builder.csproj", "{6D6828C9-0BF3-4C10-AD7F-7FBDA6CA3080}"
EndProject
Project("{9A19103F-16F7-4668-BE54-9A1E7A4F7556}") = "SWLOR.Tools.LanguageGenerator", "SWLOR.Tools.LanguageGenerator\SWLOR.Tools.LanguageGenerator.csproj", "{895690B4-3C04-469E-8164-75AC9400A3AE}"
EndProject
Project("{9A19103F-16F7-4668-BE54-9A1E7A4F7556}") = "SWLOR.Tools.Module.Packer", "SWLOR.Tools.Module.Packer\SWLOR.Tools.Module.Packer.csproj", "{15322687-1012-4FFA-94E5-AE3E67CEA355}"
EndProject
Project("{FAE04EC0-301F-11D3-BF4B-00C04F79EFBC}") = "SWLOR.Web", "SWLOR.Web\SWLOR.Web.csproj", "{8238F3F9-FBA2-4A4B-9A40-6FCC2E77EC00}"
EndProject
Global
	GlobalSection(SolutionConfigurationPlatforms) = preSolution
		Debug|Any CPU = Debug|Any CPU
		Release|Any CPU = Release|Any CPU
	EndGlobalSection
	GlobalSection(ProjectConfigurationPlatforms) = postSolution
		{675F8DFD-6FDB-4317-B936-AF9FCAC69D63}.Debug|Any CPU.ActiveCfg = Debug|Any CPU
		{675F8DFD-6FDB-4317-B936-AF9FCAC69D63}.Debug|Any CPU.Build.0 = Debug|Any CPU
		{675F8DFD-6FDB-4317-B936-AF9FCAC69D63}.Release|Any CPU.ActiveCfg = Release|Any CPU
		{675F8DFD-6FDB-4317-B936-AF9FCAC69D63}.Release|Any CPU.Build.0 = Release|Any CPU
		{3D2E9A70-63B8-45BD-BFE5-7F9979D01D55}.Debug|Any CPU.ActiveCfg = Debug|Any CPU
		{3D2E9A70-63B8-45BD-BFE5-7F9979D01D55}.Debug|Any CPU.Build.0 = Debug|Any CPU
		{3D2E9A70-63B8-45BD-BFE5-7F9979D01D55}.Release|Any CPU.ActiveCfg = Release|Any CPU
		{3D2E9A70-63B8-45BD-BFE5-7F9979D01D55}.Release|Any CPU.Build.0 = Release|Any CPU
		{6D6828C9-0BF3-4C10-AD7F-7FBDA6CA3080}.Debug|Any CPU.ActiveCfg = Debug|Any CPU
		{6D6828C9-0BF3-4C10-AD7F-7FBDA6CA3080}.Debug|Any CPU.Build.0 = Debug|Any CPU
		{6D6828C9-0BF3-4C10-AD7F-7FBDA6CA3080}.Release|Any CPU.ActiveCfg = Release|Any CPU
		{6D6828C9-0BF3-4C10-AD7F-7FBDA6CA3080}.Release|Any CPU.Build.0 = Release|Any CPU
		{895690B4-3C04-469E-8164-75AC9400A3AE}.Debug|Any CPU.ActiveCfg = Debug|Any CPU
		{895690B4-3C04-469E-8164-75AC9400A3AE}.Debug|Any CPU.Build.0 = Debug|Any CPU
		{895690B4-3C04-469E-8164-75AC9400A3AE}.Release|Any CPU.ActiveCfg = Release|Any CPU
		{895690B4-3C04-469E-8164-75AC9400A3AE}.Release|Any CPU.Build.0 = Release|Any CPU
		{15322687-1012-4FFA-94E5-AE3E67CEA355}.Debug|Any CPU.ActiveCfg = Debug|Any CPU
		{15322687-1012-4FFA-94E5-AE3E67CEA355}.Debug|Any CPU.Build.0 = Debug|Any CPU
		{15322687-1012-4FFA-94E5-AE3E67CEA355}.Release|Any CPU.ActiveCfg = Release|Any CPU
		{15322687-1012-4FFA-94E5-AE3E67CEA355}.Release|Any CPU.Build.0 = Release|Any CPU
		{8238F3F9-FBA2-4A4B-9A40-6FCC2E77EC00}.Debug|Any CPU.ActiveCfg = Debug|Any CPU
		{8238F3F9-FBA2-4A4B-9A40-6FCC2E77EC00}.Debug|Any CPU.Build.0 = Debug|Any CPU
		{8238F3F9-FBA2-4A4B-9A40-6FCC2E77EC00}.Release|Any CPU.ActiveCfg = Release|Any CPU
		{8238F3F9-FBA2-4A4B-9A40-6FCC2E77EC00}.Release|Any CPU.Build.0 = Release|Any CPU
	EndGlobalSection
	GlobalSection(SolutionProperties) = preSolution
		HideSolutionNode = FALSE
	EndGlobalSection
	GlobalSection(NestedProjects) = preSolution
		{6D6828C9-0BF3-4C10-AD7F-7FBDA6CA3080} = {3E2D3A7E-E4D2-433E-97D1-738405D27026}
		{895690B4-3C04-469E-8164-75AC9400A3AE} = {3E2D3A7E-E4D2-433E-97D1-738405D27026}
		{15322687-1012-4FFA-94E5-AE3E67CEA355} = {3E2D3A7E-E4D2-433E-97D1-738405D27026}
	EndGlobalSection
	GlobalSection(ExtensibilityGlobals) = postSolution
		SolutionGuid = {902BBAC8-60B1-4926-8236-DEB906E81C45}
	EndGlobalSection
EndGlobal
