
Microsoft Visual Studio Solution File, Format Version 12.00
# Visual Studio Version 16
VisualStudioVersion = 16.0.29102.190
MinimumVisualStudioVersion = 10.0.40219.1
Project("{FAE04EC0-301F-11D3-BF4B-00C04F79EFBC}") = "SWLOR.Game.Server", "SWLOR.Game.Server\SWLOR.Game.Server.csproj", "{F2C6F36D-74FA-489E-8891-51A3B390C55A}"
EndProject
Project("{FAE04EC0-301F-11D3-BF4B-00C04F79EFBC}") = "SWLOR.Game.Server.Tests", "SWLOR.Game.Server.Tests\SWLOR.Game.Server.Tests.csproj", "{C05D52A5-E0FA-4C7C-ABBD-0DBD60E3749B}"
EndProject
Project("{2150E333-8FDC-42A3-9474-1A3956D46DE8}") = "SWLOR.Tools", "SWLOR.Tools", "{3E2D3A7E-E4D2-433E-97D1-738405D27026}"
EndProject
Project("{FAE04EC0-301F-11D3-BF4B-00C04F79EFBC}") = "SWLOR.Tools.LanguageGenerator", "SWLOR.Tools\SWLOR.Tools.LanguageGenerator\SWLOR.Tools.LanguageGenerator.csproj", "{61A4F106-A85A-483A-83BD-882D2B93464A}"
EndProject
Project("{FAE04EC0-301F-11D3-BF4B-00C04F79EFBC}") = "SWLOR.Game.Server.Scripts", "SWLOR.Game.Server.Scripts\SWLOR.Game.Server.Scripts.csproj", "{CED9C022-AC60-4F28-A941-96F13B02659D}"
EndProject
Global
	GlobalSection(SolutionConfigurationPlatforms) = preSolution
		Debug|Any CPU = Debug|Any CPU
		Release|Any CPU = Release|Any CPU
	EndGlobalSection
	GlobalSection(ProjectConfigurationPlatforms) = postSolution
		{F2C6F36D-74FA-489E-8891-51A3B390C55A}.Debug|Any CPU.ActiveCfg = Debug|Any CPU
		{F2C6F36D-74FA-489E-8891-51A3B390C55A}.Debug|Any CPU.Build.0 = Debug|Any CPU
		{F2C6F36D-74FA-489E-8891-51A3B390C55A}.Release|Any CPU.ActiveCfg = Release|Any CPU
		{F2C6F36D-74FA-489E-8891-51A3B390C55A}.Release|Any CPU.Build.0 = Release|Any CPU
		{C05D52A5-E0FA-4C7C-ABBD-0DBD60E3749B}.Debug|Any CPU.ActiveCfg = Debug|Any CPU
		{C05D52A5-E0FA-4C7C-ABBD-0DBD60E3749B}.Debug|Any CPU.Build.0 = Debug|Any CPU
		{C05D52A5-E0FA-4C7C-ABBD-0DBD60E3749B}.Release|Any CPU.ActiveCfg = Release|Any CPU
		{C05D52A5-E0FA-4C7C-ABBD-0DBD60E3749B}.Release|Any CPU.Build.0 = Release|Any CPU
		{61A4F106-A85A-483A-83BD-882D2B93464A}.Debug|Any CPU.ActiveCfg = Debug|Any CPU
		{61A4F106-A85A-483A-83BD-882D2B93464A}.Debug|Any CPU.Build.0 = Debug|Any CPU
		{61A4F106-A85A-483A-83BD-882D2B93464A}.Release|Any CPU.ActiveCfg = Release|Any CPU
		{61A4F106-A85A-483A-83BD-882D2B93464A}.Release|Any CPU.Build.0 = Release|Any CPU
		{CED9C022-AC60-4F28-A941-96F13B02659D}.Debug|Any CPU.ActiveCfg = Debug|Any CPU
		{CED9C022-AC60-4F28-A941-96F13B02659D}.Debug|Any CPU.Build.0 = Debug|Any CPU
		{CED9C022-AC60-4F28-A941-96F13B02659D}.Release|Any CPU.ActiveCfg = Release|Any CPU
		{CED9C022-AC60-4F28-A941-96F13B02659D}.Release|Any CPU.Build.0 = Release|Any CPU
	EndGlobalSection
	GlobalSection(SolutionProperties) = preSolution
		HideSolutionNode = FALSE
	EndGlobalSection
	GlobalSection(NestedProjects) = preSolution
		{61A4F106-A85A-483A-83BD-882D2B93464A} = {3E2D3A7E-E4D2-433E-97D1-738405D27026}
	EndGlobalSection
	GlobalSection(ExtensibilityGlobals) = postSolution
		SolutionGuid = {902BBAC8-60B1-4926-8236-DEB906E81C45}
	EndGlobalSection
EndGlobal
