
Microsoft Visual Studio Solution File, Format Version 12.00
# Visual Studio Version 17
VisualStudioVersion = 17.1.32407.343
MinimumVisualStudioVersion = 10.0.40219.1
Project("{9A19103F-16F7-4668-BE54-9A1E7A4F7556}") = "SWLOR.Web", "SWLOR.Web\SWLOR.Web.csproj", "{4CF51B54-4FE9-4167-8BD6-742A067BBEF3}"
EndProject
Project("{9A19103F-16F7-4668-BE54-9A1E7A4F7556}") = "SWLOR.CLI", "SWLOR.CLI\SWLOR.CLI.csproj", "{0AF50AD5-8CAC-4CFD-92C9-A2AAAAEE64BE}"
EndProject
Project("{9A19103F-16F7-4668-BE54-9A1E7A4F7556}") = "SWLOR.Admin", "SWLOR.Admin\SWLOR.Admin.csproj", "{34607A71-B934-46A9-B08B-C9E0F7458E91}"
EndProject
Project("{9A19103F-16F7-4668-BE54-9A1E7A4F7556}") = "SWLOR.Runner", "SWLOR.Runner\SWLOR.Runner.csproj", "{CAD52F45-F4DC-4EE3-8008-068CC00E27B6}"
EndProject
Project("{9A19103F-16F7-4668-BE54-9A1E7A4F7556}") = "SWLOR.Plugin.Test", "SWLOR.Plugin.Test\SWLOR.Plugin.Test.csproj", "{527E7367-7172-4D66-B67A-D892214A6AA1}"
EndProject
Project("{9A19103F-16F7-4668-BE54-9A1E7A4F7556}") = "SWLOR.Core", "SWLOR.Core\SWLOR.Core.csproj", "{22423AE4-5E03-4503-B112-42AB0F97F040}"
EndProject
Global
	GlobalSection(SolutionConfigurationPlatforms) = preSolution
		Debug|Any CPU = Debug|Any CPU
		Release|Any CPU = Release|Any CPU
	EndGlobalSection
	GlobalSection(ProjectConfigurationPlatforms) = postSolution
		{4CF51B54-4FE9-4167-8BD6-742A067BBEF3}.Debug|Any CPU.ActiveCfg = Debug|Any CPU
		{4CF51B54-4FE9-4167-8BD6-742A067BBEF3}.Debug|Any CPU.Build.0 = Debug|Any CPU
		{4CF51B54-4FE9-4167-8BD6-742A067BBEF3}.Release|Any CPU.ActiveCfg = Release|Any CPU
		{4CF51B54-4FE9-4167-8BD6-742A067BBEF3}.Release|Any CPU.Build.0 = Release|Any CPU
		{0AF50AD5-8CAC-4CFD-92C9-A2AAAAEE64BE}.Debug|Any CPU.ActiveCfg = Debug|Any CPU
		{0AF50AD5-8CAC-4CFD-92C9-A2AAAAEE64BE}.Debug|Any CPU.Build.0 = Debug|Any CPU
		{0AF50AD5-8CAC-4CFD-92C9-A2AAAAEE64BE}.Release|Any CPU.ActiveCfg = Release|Any CPU
		{0AF50AD5-8CAC-4CFD-92C9-A2AAAAEE64BE}.Release|Any CPU.Build.0 = Release|Any CPU
		{34607A71-B934-46A9-B08B-C9E0F7458E91}.Debug|Any CPU.ActiveCfg = Debug|Any CPU
		{34607A71-B934-46A9-B08B-C9E0F7458E91}.Debug|Any CPU.Build.0 = Debug|Any CPU
		{34607A71-B934-46A9-B08B-C9E0F7458E91}.Release|Any CPU.ActiveCfg = Release|Any CPU
		{34607A71-B934-46A9-B08B-C9E0F7458E91}.Release|Any CPU.Build.0 = Release|Any CPU
		{CAD52F45-F4DC-4EE3-8008-068CC00E27B6}.Debug|Any CPU.ActiveCfg = Debug|Any CPU
		{CAD52F45-F4DC-4EE3-8008-068CC00E27B6}.Debug|Any CPU.Build.0 = Debug|Any CPU
		{CAD52F45-F4DC-4EE3-8008-068CC00E27B6}.Release|Any CPU.ActiveCfg = Release|Any CPU
		{CAD52F45-F4DC-4EE3-8008-068CC00E27B6}.Release|Any CPU.Build.0 = Release|Any CPU
		{527E7367-7172-4D66-B67A-D892214A6AA1}.Debug|Any CPU.ActiveCfg = Debug|Any CPU
		{527E7367-7172-4D66-B67A-D892214A6AA1}.Debug|Any CPU.Build.0 = Debug|Any CPU
		{527E7367-7172-4D66-B67A-D892214A6AA1}.Release|Any CPU.ActiveCfg = Release|Any CPU
		{527E7367-7172-4D66-B67A-D892214A6AA1}.Release|Any CPU.Build.0 = Release|Any CPU
		{22423AE4-5E03-4503-B112-42AB0F97F040}.Debug|Any CPU.ActiveCfg = Debug|Any CPU
		{22423AE4-5E03-4503-B112-42AB0F97F040}.Debug|Any CPU.Build.0 = Debug|Any CPU
		{22423AE4-5E03-4503-B112-42AB0F97F040}.Release|Any CPU.ActiveCfg = Release|Any CPU
		{22423AE4-5E03-4503-B112-42AB0F97F040}.Release|Any CPU.Build.0 = Release|Any CPU
	EndGlobalSection
	GlobalSection(SolutionProperties) = preSolution
		HideSolutionNode = FALSE
	EndGlobalSection
	GlobalSection(ExtensibilityGlobals) = postSolution
		SolutionGuid = {01933D17-C90C-4AB1-AD6C-523F2F4B584D}
	EndGlobalSection
EndGlobal
