
Microsoft Visual Studio Solution File, Format Version 12.00
# Visual Studio Version 17
VisualStudioVersion = 17.2.32526.322
MinimumVisualStudioVersion = 10.0.40219.1
Project("{9A19103F-16F7-4668-BE54-9A1E7A4F7556}") = "SWLOR.Game.Server", "SWLOR.Game.Server\SWLOR.Game.Server.csproj", "{AB7417D9-A314-4ED6-8E7E-75B3F2A83DE1}"
EndProject
Project("{9A19103F-16F7-4668-BE54-9A1E7A4F7556}") = "SWLOR.CLI", "SWLOR.CLI\SWLOR.CLI.csproj", "{0AF50AD5-8CAC-4CFD-92C9-A2AAAAEE64BE}"
EndProject
Project("{FAE04EC0-301F-11D3-BF4B-00C04F79EFBC}") = "SWLOR.Web", "SWLOR.Web\SWLOR.Web.csproj", "{D516174D-A614-4042-B510-AB666607D281}"
EndProject
Project("{FAE04EC0-301F-11D3-BF4B-00C04F79EFBC}") = "SWLOR.Admin", "SWLOR.Admin\SWLOR.Admin.csproj", "{34607A71-B934-46A9-B08B-C9E0F7458E91}"
EndProject
Global
	GlobalSection(SolutionConfigurationPlatforms) = preSolution
		Debug|Any CPU = Debug|Any CPU
		Release|Any CPU = Release|Any CPU
	EndGlobalSection
	GlobalSection(ProjectConfigurationPlatforms) = postSolution
		{AB7417D9-A314-4ED6-8E7E-75B3F2A83DE1}.Debug|Any CPU.ActiveCfg = Debug|Any CPU
		{AB7417D9-A314-4ED6-8E7E-75B3F2A83DE1}.Debug|Any CPU.Build.0 = Debug|Any CPU
		{AB7417D9-A314-4ED6-8E7E-75B3F2A83DE1}.Release|Any CPU.ActiveCfg = Release|Any CPU
		{AB7417D9-A314-4ED6-8E7E-75B3F2A83DE1}.Release|Any CPU.Build.0 = Release|Any CPU
		{0AF50AD5-8CAC-4CFD-92C9-A2AAAAEE64BE}.Debug|Any CPU.ActiveCfg = Debug|Any CPU
		{0AF50AD5-8CAC-4CFD-92C9-A2AAAAEE64BE}.Debug|Any CPU.Build.0 = Debug|Any CPU
		{0AF50AD5-8CAC-4CFD-92C9-A2AAAAEE64BE}.Release|Any CPU.ActiveCfg = Release|Any CPU
		{0AF50AD5-8CAC-4CFD-92C9-A2AAAAEE64BE}.Release|Any CPU.Build.0 = Release|Any CPU
		{D516174D-A614-4042-B510-AB666607D281}.Debug|Any CPU.ActiveCfg = Debug|Any CPU
		{D516174D-A614-4042-B510-AB666607D281}.Debug|Any CPU.Build.0 = Debug|Any CPU
		{D516174D-A614-4042-B510-AB666607D281}.Release|Any CPU.ActiveCfg = Release|Any CPU
		{D516174D-A614-4042-B510-AB666607D281}.Release|Any CPU.Build.0 = Release|Any CPU
		{34607A71-B934-46A9-B08B-C9E0F7458E91}.Debug|Any CPU.ActiveCfg = Debug|Any CPU
		{34607A71-B934-46A9-B08B-C9E0F7458E91}.Debug|Any CPU.Build.0 = Debug|Any CPU
		{34607A71-B934-46A9-B08B-C9E0F7458E91}.Release|Any CPU.ActiveCfg = Release|Any CPU
		{34607A71-B934-46A9-B08B-C9E0F7458E91}.Release|Any CPU.Build.0 = Release|Any CPU
	EndGlobalSection
	GlobalSection(SolutionProperties) = preSolution
		HideSolutionNode = FALSE
	EndGlobalSection
	GlobalSection(ExtensibilityGlobals) = postSolution
		SolutionGuid = {01933D17-C90C-4AB1-AD6C-523F2F4B584D}
	EndGlobalSection
EndGlobal
