
Microsoft Visual Studio Solution File, Format Version 12.00
# Visual Studio Version 18
VisualStudioVersion = 18.0.11012.119
MinimumVisualStudioVersion = 10.0.40219.1
Project("{9A19103F-16F7-4668-BE54-9A1E7A4F7556}") = "SWLOR.Game.Server", "SWLOR.Game.Server\SWLOR.Game.Server.csproj", "{AB7417D9-A314-4ED6-8E7E-75B3F2A83DE1}"
EndProject
Project("{9A19103F-16F7-4668-BE54-9A1E7A4F7556}") = "SWLOR.CLI", "SWLOR.CLI\SWLOR.CLI.csproj", "{0AF50AD5-8CAC-4CFD-92C9-A2AAAAEE64BE}"
EndProject
Project("{9A19103F-16F7-4668-BE54-9A1E7A4F7556}") = "SWLOR.Admin", "SWLOR.Admin\SWLOR.Admin.csproj", "{34607A71-B934-46A9-B08B-C9E0F7458E91}"
EndProject
Project("{FAE04EC0-301F-11D3-BF4B-00C04F79EFBC}") = "SWLOR.Runner", "SWLOR.Runner\SWLOR.Runner.csproj", "{CAD52F45-F4DC-4EE3-8008-068CC00E27B6}"
EndProject
Project("{FAE04EC0-301F-11D3-BF4B-00C04F79EFBC}") = "SWLOR.NWN.API", "SWLOR.NWN.API\SWLOR.NWN.API.csproj", "{189C46D2-B341-4C01-B87D-CB2484F2110F}"
EndProject
Project("{2150E333-8FDC-42A3-9474-1A3956D46DE8}") = "_Readmes", "_Readmes", "{02EA681E-C7D8-13C7-8484-4AC65E1B71E8}"
	ProjectSection(SolutionItems) = preProject
		Readmes\8193.37.15.txt = Readmes\8193.37.15.txt
		Readmes\AbilityDefinitions.md = Readmes\AbilityDefinitions.md
		Readmes\Builders.md = Readmes\Builders.md
		Readmes\CoreSystems.md = Readmes\CoreSystems.md
		Readmes\Deployment.md = Readmes\Deployment.md
		Readmes\Entities.md = Readmes\Entities.md
		Readmes\Features.md = Readmes\Features.md
		Readmes\ProjectStructure.md = Readmes\ProjectStructure.md
		Readmes\README.md = Readmes\README.md
		Readmes\Services.md = Readmes\Services.md
		Readmes\Symbols_Readme.txt = Readmes\Symbols_Readme.txt
	EndProjectSection
EndProject
Project("{2150E333-8FDC-42A3-9474-1A3956D46DE8}") = "Component", "Component", "{98BFD8AF-2D9B-4636-919F-4D3FE97E7C69}"
EndProject
Project("{2150E333-8FDC-42A3-9474-1A3956D46DE8}") = "App", "App", "{78BF2320-A0D9-48C7-BE2E-AFED6B884F4B}"
EndProject
Project("{2150E333-8FDC-42A3-9474-1A3956D46DE8}") = "Core", "Core", "{8F249160-3FA0-480F-9A90-CE204D9BF2CD}"
EndProject
Project("{FAE04EC0-301F-11D3-BF4B-00C04F79EFBC}") = "SWLOR.Shared.Core", "SWLOR.Shared.Core\SWLOR.Shared.Core.csproj", "{4F9E49AD-A3C8-4157-8876-4F05069F4F8B}"
EndProject
Project("{FAE04EC0-301F-11D3-BF4B-00C04F79EFBC}") = "SWLOR.Shared.Abstractions", "SWLOR.Shared.Abstractions\SWLOR.Shared.Abstractions.csproj", "{8575AFFE-7701-45E2-80C9-2A23DA314EB0}"
EndProject
Project("{FAE04EC0-301F-11D3-BF4B-00C04F79EFBC}") = "SWLOR.Component.Admin", "SWLOR.Component.Admin\SWLOR.Component.Admin.csproj", "{8A32E246-F8CC-4DDE-B25E-8D4B314F67B6}"
EndProject
Project("{FAE04EC0-301F-11D3-BF4B-00C04F79EFBC}") = "SWLOR.Component.Associate", "SWLOR.Component.Associate\SWLOR.Component.Associate.csproj", "{6972A2DE-2D3F-4BB1-9F1A-0DFB609967D1}"
EndProject
Project("{FAE04EC0-301F-11D3-BF4B-00C04F79EFBC}") = "SWLOR.Component.Combat", "SWLOR.Component.Combat\SWLOR.Component.Combat.csproj", "{7CBA8C70-2437-4B05-98EC-4E4D0677FD02}"
EndProject
Project("{FAE04EC0-301F-11D3-BF4B-00C04F79EFBC}") = "SWLOR.Component.Communication", "SWLOR.Component.Communication\SWLOR.Component.Communication.csproj", "{49EF8AFC-DBFC-4A9B-81C1-5B241697A29E}"
EndProject
Project("{FAE04EC0-301F-11D3-BF4B-00C04F79EFBC}") = "SWLOR.Component.Crafting", "SWLOR.Component.Crafting\SWLOR.Component.Crafting.csproj", "{7479FC01-D8AA-4B69-8A3D-1FC5EFD14EE3}"
EndProject
Project("{FAE04EC0-301F-11D3-BF4B-00C04F79EFBC}") = "SWLOR.Component.Market", "SWLOR.Component.Market\SWLOR.Component.Market.csproj", "{78136C1B-4715-4F58-9DCE-D7486CFA99F8}"
EndProject
Project("{FAE04EC0-301F-11D3-BF4B-00C04F79EFBC}") = "SWLOR.Component.Properties", "SWLOR.Component.Properties\SWLOR.Component.Properties.csproj", "{F4DFE2F6-F3C7-4A35-8A0B-20B280CCF103}"
EndProject
Project("{FAE04EC0-301F-11D3-BF4B-00C04F79EFBC}") = "SWLOR.Component.Space", "SWLOR.Component.Space\SWLOR.Component.Space.csproj", "{13C35133-5A71-4BAE-89F5-764D88A67B6F}"
EndProject
Project("{FAE04EC0-301F-11D3-BF4B-00C04F79EFBC}") = "SWLOR.Component.World", "SWLOR.Component.World\SWLOR.Component.World.csproj", "{E0CEFBFD-DA69-458E-87E5-8EA66B4A2F3B}"
EndProject
Project("{FAE04EC0-301F-11D3-BF4B-00C04F79EFBC}") = "SWLOR.Shared.Events", "SWLOR.Shared.Events\SWLOR.Shared.Events.csproj", "{A7DB757C-39E5-ECD9-F949-C38F8EC375A5}"
EndProject
Project("{FAE04EC0-301F-11D3-BF4B-00C04F79EFBC}") = "SWLOR.Shared.Caching", "SWLOR.Shared.Caching\SWLOR.Shared.Caching.csproj", "{8B4E740B-2616-43FF-99CF-1905AF2EE72D}"
EndProject
Project("{FAE04EC0-301F-11D3-BF4B-00C04F79EFBC}") = "SWLOR.Shared.UI", "SWLOR.Shared.UI\SWLOR.Shared.UI.csproj", "{E3C0E17D-125D-4A56-86F8-AA9C4BD05970}"
EndProject
Project("{FAE04EC0-301F-11D3-BF4B-00C04F79EFBC}") = "SWLOR.Shared.Dialog", "SWLOR.Shared.Dialog\SWLOR.Shared.Dialog.csproj", "{FFE38610-AA7D-449C-99D3-5A7522B2DA1E}"
EndProject
Project("{FAE04EC0-301F-11D3-BF4B-00C04F79EFBC}") = "SWLOR.Component.Inventory", "SWLOR.Component.Inventory\SWLOR.Component.Inventory.csproj", "{F4241D54-B2D6-4B39-B90E-D8B1ABB4FB10}"
EndProject
Project("{FAE04EC0-301F-11D3-BF4B-00C04F79EFBC}") = "SWLOR.Component.Quest", "SWLOR.Component.Quest\SWLOR.Component.Quest.csproj", "{07E10577-FB9D-446C-B65F-8F92B04CD32B}"
EndProject
Project("{FAE04EC0-301F-11D3-BF4B-00C04F79EFBC}") = "SWLOR.Component.Perk", "SWLOR.Component.Perk\SWLOR.Component.Perk.csproj", "{B6B49B85-F8C2-4791-B888-225647AA41BF}"
EndProject
Project("{FAE04EC0-301F-11D3-BF4B-00C04F79EFBC}") = "SWLOR.Component.Skill", "SWLOR.Component.Skill\SWLOR.Component.Skill.csproj", "{82B65CA0-5CFA-4F9A-ABF7-BE5FC4399443}"
EndProject
Project("{FAE04EC0-301F-11D3-BF4B-00C04F79EFBC}") = "SWLOR.Component.Ability", "SWLOR.Component.Ability\SWLOR.Component.Ability.csproj", "{5077A046-2DAE-45EB-A9E9-AE000BDF6908}"
EndProject
Project("{FAE04EC0-301F-11D3-BF4B-00C04F79EFBC}") = "SWLOR.Component.StatusEffect", "SWLOR.Component.StatusEffect\SWLOR.Component.StatusEffect.csproj", "{BAF14F75-F5D9-4EA9-90AA-B714CC427C43}"
EndProject
Project("{FAE04EC0-301F-11D3-BF4B-00C04F79EFBC}") = "SWLOR.Component.Migration", "SWLOR.Component.Migration\SWLOR.Component.Migration.csproj", "{87AE6190-5BB4-4709-A889-2073C32BA286}"
EndProject
Project("{FAE04EC0-301F-11D3-BF4B-00C04F79EFBC}") = "SWLOR.Component.AI", "SWLOR.Component.AI\SWLOR.Component.AI.csproj", "{58CC78D5-699F-4C2F-B263-26EE6CD072CB}"
EndProject
Project("{FAE04EC0-301F-11D3-BF4B-00C04F79EFBC}") = "SWLOR.Shared.Domain", "SWLOR.Shared.Domain\SWLOR.Shared.Domain.csproj", "{44E033A1-46F8-4889-90D6-A7D4066C709D}"
EndProject
Project("{FAE04EC0-301F-11D3-BF4B-00C04F79EFBC}") = "SWLOR.Component.Character", "SWLOR.Component.Character\SWLOR.Component.Character.csproj", "{EB75BC45-0FDA-45C6-8EAA-27C436C1D1BB}"
EndProject
Project("{2150E333-8FDC-42A3-9474-1A3956D46DE8}") = "Component-Migrated", "Component-Migrated", "{04DCBAA1-1FD6-4E64-BBAD-447C05A7443D}"
EndProject
Global
	GlobalSection(SolutionConfigurationPlatforms) = preSolution
		Debug|Any CPU = Debug|Any CPU
		Release|Any CPU = Release|Any CPU
	EndGlobalSection
	GlobalSection(ProjectConfigurationPlatforms) = postSolution
		{AB7417D9-A314-4ED6-8E7E-75B3F2A83DE1}.Debug|Any CPU.ActiveCfg = Debug|Any CPU
		{AB7417D9-A314-4ED6-8E7E-75B3F2A83DE1}.Debug|Any CPU.Build.0 = Debug|Any CPU
		{AB7417D9-A314-4ED6-8E7E-75B3F2A83DE1}.Release|Any CPU.ActiveCfg = Release|Any CPU
		{AB7417D9-A314-4ED6-8E7E-75B3F2A83DE1}.Release|Any CPU.Build.0 = Release|Any CPU
		{0AF50AD5-8CAC-4CFD-92C9-A2AAAAEE64BE}.Debug|Any CPU.ActiveCfg = Debug|Any CPU
		{0AF50AD5-8CAC-4CFD-92C9-A2AAAAEE64BE}.Debug|Any CPU.Build.0 = Debug|Any CPU
		{0AF50AD5-8CAC-4CFD-92C9-A2AAAAEE64BE}.Release|Any CPU.ActiveCfg = Release|Any CPU
		{0AF50AD5-8CAC-4CFD-92C9-A2AAAAEE64BE}.Release|Any CPU.Build.0 = Release|Any CPU
		{34607A71-B934-46A9-B08B-C9E0F7458E91}.Debug|Any CPU.ActiveCfg = Debug|Any CPU
		{34607A71-B934-46A9-B08B-C9E0F7458E91}.Debug|Any CPU.Build.0 = Debug|Any CPU
		{34607A71-B934-46A9-B08B-C9E0F7458E91}.Release|Any CPU.ActiveCfg = Release|Any CPU
		{34607A71-B934-46A9-B08B-C9E0F7458E91}.Release|Any CPU.Build.0 = Release|Any CPU
		{CAD52F45-F4DC-4EE3-8008-068CC00E27B6}.Debug|Any CPU.ActiveCfg = Debug|Any CPU
		{CAD52F45-F4DC-4EE3-8008-068CC00E27B6}.Debug|Any CPU.Build.0 = Debug|Any CPU
		{CAD52F45-F4DC-4EE3-8008-068CC00E27B6}.Release|Any CPU.ActiveCfg = Release|Any CPU
		{CAD52F45-F4DC-4EE3-8008-068CC00E27B6}.Release|Any CPU.Build.0 = Release|Any CPU
		{189C46D2-B341-4C01-B87D-CB2484F2110F}.Debug|Any CPU.ActiveCfg = Debug|Any CPU
		{189C46D2-B341-4C01-B87D-CB2484F2110F}.Debug|Any CPU.Build.0 = Debug|Any CPU
		{189C46D2-B341-4C01-B87D-CB2484F2110F}.Release|Any CPU.ActiveCfg = Release|Any CPU
		{189C46D2-B341-4C01-B87D-CB2484F2110F}.Release|Any CPU.Build.0 = Release|Any CPU
		{4F9E49AD-A3C8-4157-8876-4F05069F4F8B}.Debug|Any CPU.ActiveCfg = Debug|Any CPU
		{4F9E49AD-A3C8-4157-8876-4F05069F4F8B}.Debug|Any CPU.Build.0 = Debug|Any CPU
		{4F9E49AD-A3C8-4157-8876-4F05069F4F8B}.Release|Any CPU.ActiveCfg = Release|Any CPU
		{4F9E49AD-A3C8-4157-8876-4F05069F4F8B}.Release|Any CPU.Build.0 = Release|Any CPU
		{8575AFFE-7701-45E2-80C9-2A23DA314EB0}.Debug|Any CPU.ActiveCfg = Debug|Any CPU
		{8575AFFE-7701-45E2-80C9-2A23DA314EB0}.Debug|Any CPU.Build.0 = Debug|Any CPU
		{8575AFFE-7701-45E2-80C9-2A23DA314EB0}.Release|Any CPU.ActiveCfg = Release|Any CPU
		{8575AFFE-7701-45E2-80C9-2A23DA314EB0}.Release|Any CPU.Build.0 = Release|Any CPU
		{8A32E246-F8CC-4DDE-B25E-8D4B314F67B6}.Debug|Any CPU.ActiveCfg = Debug|Any CPU
		{8A32E246-F8CC-4DDE-B25E-8D4B314F67B6}.Debug|Any CPU.Build.0 = Debug|Any CPU
		{8A32E246-F8CC-4DDE-B25E-8D4B314F67B6}.Release|Any CPU.ActiveCfg = Release|Any CPU
		{8A32E246-F8CC-4DDE-B25E-8D4B314F67B6}.Release|Any CPU.Build.0 = Release|Any CPU
		{6972A2DE-2D3F-4BB1-9F1A-0DFB609967D1}.Debug|Any CPU.ActiveCfg = Debug|Any CPU
		{6972A2DE-2D3F-4BB1-9F1A-0DFB609967D1}.Debug|Any CPU.Build.0 = Debug|Any CPU
		{6972A2DE-2D3F-4BB1-9F1A-0DFB609967D1}.Release|Any CPU.ActiveCfg = Release|Any CPU
		{6972A2DE-2D3F-4BB1-9F1A-0DFB609967D1}.Release|Any CPU.Build.0 = Release|Any CPU
		{7CBA8C70-2437-4B05-98EC-4E4D0677FD02}.Debug|Any CPU.ActiveCfg = Debug|Any CPU
		{7CBA8C70-2437-4B05-98EC-4E4D0677FD02}.Debug|Any CPU.Build.0 = Debug|Any CPU
		{7CBA8C70-2437-4B05-98EC-4E4D0677FD02}.Release|Any CPU.ActiveCfg = Release|Any CPU
		{7CBA8C70-2437-4B05-98EC-4E4D0677FD02}.Release|Any CPU.Build.0 = Release|Any CPU
		{49EF8AFC-DBFC-4A9B-81C1-5B241697A29E}.Debug|Any CPU.ActiveCfg = Debug|Any CPU
		{49EF8AFC-DBFC-4A9B-81C1-5B241697A29E}.Debug|Any CPU.Build.0 = Debug|Any CPU
		{49EF8AFC-DBFC-4A9B-81C1-5B241697A29E}.Release|Any CPU.ActiveCfg = Release|Any CPU
		{49EF8AFC-DBFC-4A9B-81C1-5B241697A29E}.Release|Any CPU.Build.0 = Release|Any CPU
		{7479FC01-D8AA-4B69-8A3D-1FC5EFD14EE3}.Debug|Any CPU.ActiveCfg = Debug|Any CPU
		{7479FC01-D8AA-4B69-8A3D-1FC5EFD14EE3}.Debug|Any CPU.Build.0 = Debug|Any CPU
		{7479FC01-D8AA-4B69-8A3D-1FC5EFD14EE3}.Release|Any CPU.ActiveCfg = Release|Any CPU
		{7479FC01-D8AA-4B69-8A3D-1FC5EFD14EE3}.Release|Any CPU.Build.0 = Release|Any CPU
		{78136C1B-4715-4F58-9DCE-D7486CFA99F8}.Debug|Any CPU.ActiveCfg = Debug|Any CPU
		{78136C1B-4715-4F58-9DCE-D7486CFA99F8}.Debug|Any CPU.Build.0 = Debug|Any CPU
		{78136C1B-4715-4F58-9DCE-D7486CFA99F8}.Release|Any CPU.ActiveCfg = Release|Any CPU
		{78136C1B-4715-4F58-9DCE-D7486CFA99F8}.Release|Any CPU.Build.0 = Release|Any CPU
		{F4DFE2F6-F3C7-4A35-8A0B-20B280CCF103}.Debug|Any CPU.ActiveCfg = Debug|Any CPU
		{F4DFE2F6-F3C7-4A35-8A0B-20B280CCF103}.Debug|Any CPU.Build.0 = Debug|Any CPU
		{F4DFE2F6-F3C7-4A35-8A0B-20B280CCF103}.Release|Any CPU.ActiveCfg = Release|Any CPU
		{F4DFE2F6-F3C7-4A35-8A0B-20B280CCF103}.Release|Any CPU.Build.0 = Release|Any CPU
		{13C35133-5A71-4BAE-89F5-764D88A67B6F}.Debug|Any CPU.ActiveCfg = Debug|Any CPU
		{13C35133-5A71-4BAE-89F5-764D88A67B6F}.Debug|Any CPU.Build.0 = Debug|Any CPU
		{13C35133-5A71-4BAE-89F5-764D88A67B6F}.Release|Any CPU.ActiveCfg = Release|Any CPU
		{13C35133-5A71-4BAE-89F5-764D88A67B6F}.Release|Any CPU.Build.0 = Release|Any CPU
		{E0CEFBFD-DA69-458E-87E5-8EA66B4A2F3B}.Debug|Any CPU.ActiveCfg = Debug|Any CPU
		{E0CEFBFD-DA69-458E-87E5-8EA66B4A2F3B}.Debug|Any CPU.Build.0 = Debug|Any CPU
		{E0CEFBFD-DA69-458E-87E5-8EA66B4A2F3B}.Release|Any CPU.ActiveCfg = Release|Any CPU
		{E0CEFBFD-DA69-458E-87E5-8EA66B4A2F3B}.Release|Any CPU.Build.0 = Release|Any CPU
		{A7DB757C-39E5-ECD9-F949-C38F8EC375A5}.Debug|Any CPU.ActiveCfg = Debug|Any CPU
		{A7DB757C-39E5-ECD9-F949-C38F8EC375A5}.Debug|Any CPU.Build.0 = Debug|Any CPU
		{A7DB757C-39E5-ECD9-F949-C38F8EC375A5}.Release|Any CPU.ActiveCfg = Release|Any CPU
		{A7DB757C-39E5-ECD9-F949-C38F8EC375A5}.Release|Any CPU.Build.0 = Release|Any CPU
		{8B4E740B-2616-43FF-99CF-1905AF2EE72D}.Debug|Any CPU.ActiveCfg = Debug|Any CPU
		{8B4E740B-2616-43FF-99CF-1905AF2EE72D}.Debug|Any CPU.Build.0 = Debug|Any CPU
		{8B4E740B-2616-43FF-99CF-1905AF2EE72D}.Release|Any CPU.ActiveCfg = Release|Any CPU
		{8B4E740B-2616-43FF-99CF-1905AF2EE72D}.Release|Any CPU.Build.0 = Release|Any CPU
		{E3C0E17D-125D-4A56-86F8-AA9C4BD05970}.Debug|Any CPU.ActiveCfg = Debug|Any CPU
		{E3C0E17D-125D-4A56-86F8-AA9C4BD05970}.Debug|Any CPU.Build.0 = Debug|Any CPU
		{E3C0E17D-125D-4A56-86F8-AA9C4BD05970}.Release|Any CPU.ActiveCfg = Release|Any CPU
		{E3C0E17D-125D-4A56-86F8-AA9C4BD05970}.Release|Any CPU.Build.0 = Release|Any CPU
		{FFE38610-AA7D-449C-99D3-5A7522B2DA1E}.Debug|Any CPU.ActiveCfg = Debug|Any CPU
		{FFE38610-AA7D-449C-99D3-5A7522B2DA1E}.Debug|Any CPU.Build.0 = Debug|Any CPU
		{FFE38610-AA7D-449C-99D3-5A7522B2DA1E}.Release|Any CPU.ActiveCfg = Release|Any CPU
		{FFE38610-AA7D-449C-99D3-5A7522B2DA1E}.Release|Any CPU.Build.0 = Release|Any CPU
		{F4241D54-B2D6-4B39-B90E-D8B1ABB4FB10}.Debug|Any CPU.ActiveCfg = Debug|Any CPU
		{F4241D54-B2D6-4B39-B90E-D8B1ABB4FB10}.Debug|Any CPU.Build.0 = Debug|Any CPU
		{F4241D54-B2D6-4B39-B90E-D8B1ABB4FB10}.Release|Any CPU.ActiveCfg = Release|Any CPU
		{F4241D54-B2D6-4B39-B90E-D8B1ABB4FB10}.Release|Any CPU.Build.0 = Release|Any CPU
		{07E10577-FB9D-446C-B65F-8F92B04CD32B}.Debug|Any CPU.ActiveCfg = Debug|Any CPU
		{07E10577-FB9D-446C-B65F-8F92B04CD32B}.Debug|Any CPU.Build.0 = Debug|Any CPU
		{07E10577-FB9D-446C-B65F-8F92B04CD32B}.Release|Any CPU.ActiveCfg = Release|Any CPU
		{07E10577-FB9D-446C-B65F-8F92B04CD32B}.Release|Any CPU.Build.0 = Release|Any CPU
		{B6B49B85-F8C2-4791-B888-225647AA41BF}.Debug|Any CPU.ActiveCfg = Debug|Any CPU
		{B6B49B85-F8C2-4791-B888-225647AA41BF}.Debug|Any CPU.Build.0 = Debug|Any CPU
		{B6B49B85-F8C2-4791-B888-225647AA41BF}.Release|Any CPU.ActiveCfg = Release|Any CPU
		{B6B49B85-F8C2-4791-B888-225647AA41BF}.Release|Any CPU.Build.0 = Release|Any CPU
		{82B65CA0-5CFA-4F9A-ABF7-BE5FC4399443}.Debug|Any CPU.ActiveCfg = Debug|Any CPU
		{82B65CA0-5CFA-4F9A-ABF7-BE5FC4399443}.Debug|Any CPU.Build.0 = Debug|Any CPU
		{82B65CA0-5CFA-4F9A-ABF7-BE5FC4399443}.Release|Any CPU.ActiveCfg = Release|Any CPU
		{82B65CA0-5CFA-4F9A-ABF7-BE5FC4399443}.Release|Any CPU.Build.0 = Release|Any CPU
		{5077A046-2DAE-45EB-A9E9-AE000BDF6908}.Debug|Any CPU.ActiveCfg = Debug|Any CPU
		{5077A046-2DAE-45EB-A9E9-AE000BDF6908}.Debug|Any CPU.Build.0 = Debug|Any CPU
		{5077A046-2DAE-45EB-A9E9-AE000BDF6908}.Release|Any CPU.ActiveCfg = Release|Any CPU
		{5077A046-2DAE-45EB-A9E9-AE000BDF6908}.Release|Any CPU.Build.0 = Release|Any CPU
		{BAF14F75-F5D9-4EA9-90AA-B714CC427C43}.Debug|Any CPU.ActiveCfg = Debug|Any CPU
		{BAF14F75-F5D9-4EA9-90AA-B714CC427C43}.Debug|Any CPU.Build.0 = Debug|Any CPU
		{BAF14F75-F5D9-4EA9-90AA-B714CC427C43}.Release|Any CPU.ActiveCfg = Release|Any CPU
		{BAF14F75-F5D9-4EA9-90AA-B714CC427C43}.Release|Any CPU.Build.0 = Release|Any CPU
		{87AE6190-5BB4-4709-A889-2073C32BA286}.Debug|Any CPU.ActiveCfg = Debug|Any CPU
		{87AE6190-5BB4-4709-A889-2073C32BA286}.Debug|Any CPU.Build.0 = Debug|Any CPU
		{87AE6190-5BB4-4709-A889-2073C32BA286}.Release|Any CPU.ActiveCfg = Release|Any CPU
		{87AE6190-5BB4-4709-A889-2073C32BA286}.Release|Any CPU.Build.0 = Release|Any CPU
		{58CC78D5-699F-4C2F-B263-26EE6CD072CB}.Debug|Any CPU.ActiveCfg = Debug|Any CPU
		{58CC78D5-699F-4C2F-B263-26EE6CD072CB}.Debug|Any CPU.Build.0 = Debug|Any CPU
		{58CC78D5-699F-4C2F-B263-26EE6CD072CB}.Release|Any CPU.ActiveCfg = Release|Any CPU
		{58CC78D5-699F-4C2F-B263-26EE6CD072CB}.Release|Any CPU.Build.0 = Release|Any CPU
		{44E033A1-46F8-4889-90D6-A7D4066C709D}.Debug|Any CPU.ActiveCfg = Debug|Any CPU
		{44E033A1-46F8-4889-90D6-A7D4066C709D}.Debug|Any CPU.Build.0 = Debug|Any CPU
		{44E033A1-46F8-4889-90D6-A7D4066C709D}.Release|Any CPU.ActiveCfg = Release|Any CPU
		{44E033A1-46F8-4889-90D6-A7D4066C709D}.Release|Any CPU.Build.0 = Release|Any CPU
		{EB75BC45-0FDA-45C6-8EAA-27C436C1D1BB}.Debug|Any CPU.ActiveCfg = Debug|Any CPU
		{EB75BC45-0FDA-45C6-8EAA-27C436C1D1BB}.Debug|Any CPU.Build.0 = Debug|Any CPU
		{EB75BC45-0FDA-45C6-8EAA-27C436C1D1BB}.Release|Any CPU.ActiveCfg = Release|Any CPU
		{EB75BC45-0FDA-45C6-8EAA-27C436C1D1BB}.Release|Any CPU.Build.0 = Release|Any CPU
	EndGlobalSection
	GlobalSection(SolutionProperties) = preSolution
		HideSolutionNode = FALSE
	EndGlobalSection
	GlobalSection(NestedProjects) = preSolution
		{AB7417D9-A314-4ED6-8E7E-75B3F2A83DE1} = {78BF2320-A0D9-48C7-BE2E-AFED6B884F4B}
		{0AF50AD5-8CAC-4CFD-92C9-A2AAAAEE64BE} = {78BF2320-A0D9-48C7-BE2E-AFED6B884F4B}
		{34607A71-B934-46A9-B08B-C9E0F7458E91} = {78BF2320-A0D9-48C7-BE2E-AFED6B884F4B}
		{CAD52F45-F4DC-4EE3-8008-068CC00E27B6} = {78BF2320-A0D9-48C7-BE2E-AFED6B884F4B}
		{189C46D2-B341-4C01-B87D-CB2484F2110F} = {8F249160-3FA0-480F-9A90-CE204D9BF2CD}
		{4F9E49AD-A3C8-4157-8876-4F05069F4F8B} = {8F249160-3FA0-480F-9A90-CE204D9BF2CD}
		{8575AFFE-7701-45E2-80C9-2A23DA314EB0} = {8F249160-3FA0-480F-9A90-CE204D9BF2CD}
		{8A32E246-F8CC-4DDE-B25E-8D4B314F67B6} = {04DCBAA1-1FD6-4E64-BBAD-447C05A7443D}
		{6972A2DE-2D3F-4BB1-9F1A-0DFB609967D1} = {04DCBAA1-1FD6-4E64-BBAD-447C05A7443D}
		{7CBA8C70-2437-4B05-98EC-4E4D0677FD02} = {04DCBAA1-1FD6-4E64-BBAD-447C05A7443D}
		{49EF8AFC-DBFC-4A9B-81C1-5B241697A29E} = {04DCBAA1-1FD6-4E64-BBAD-447C05A7443D}
		{7479FC01-D8AA-4B69-8A3D-1FC5EFD14EE3} = {98BFD8AF-2D9B-4636-919F-4D3FE97E7C69}
		{78136C1B-4715-4F58-9DCE-D7486CFA99F8} = {04DCBAA1-1FD6-4E64-BBAD-447C05A7443D}
		{F4DFE2F6-F3C7-4A35-8A0B-20B280CCF103} = {04DCBAA1-1FD6-4E64-BBAD-447C05A7443D}
		{13C35133-5A71-4BAE-89F5-764D88A67B6F} = {98BFD8AF-2D9B-4636-919F-4D3FE97E7C69}
		{E0CEFBFD-DA69-458E-87E5-8EA66B4A2F3B} = {04DCBAA1-1FD6-4E64-BBAD-447C05A7443D}
		{A7DB757C-39E5-ECD9-F949-C38F8EC375A5} = {8F249160-3FA0-480F-9A90-CE204D9BF2CD}
		{8B4E740B-2616-43FF-99CF-1905AF2EE72D} = {8F249160-3FA0-480F-9A90-CE204D9BF2CD}
		{E3C0E17D-125D-4A56-86F8-AA9C4BD05970} = {8F249160-3FA0-480F-9A90-CE204D9BF2CD}
		{FFE38610-AA7D-449C-99D3-5A7522B2DA1E} = {8F249160-3FA0-480F-9A90-CE204D9BF2CD}
		{F4241D54-B2D6-4B39-B90E-D8B1ABB4FB10} = {04DCBAA1-1FD6-4E64-BBAD-447C05A7443D}
		{07E10577-FB9D-446C-B65F-8F92B04CD32B} = {98BFD8AF-2D9B-4636-919F-4D3FE97E7C69}
		{B6B49B85-F8C2-4791-B888-225647AA41BF} = {98BFD8AF-2D9B-4636-919F-4D3FE97E7C69}
		{82B65CA0-5CFA-4F9A-ABF7-BE5FC4399443} = {04DCBAA1-1FD6-4E64-BBAD-447C05A7443D}
		{5077A046-2DAE-45EB-A9E9-AE000BDF6908} = {04DCBAA1-1FD6-4E64-BBAD-447C05A7443D}
		{BAF14F75-F5D9-4EA9-90AA-B714CC427C43} = {04DCBAA1-1FD6-4E64-BBAD-447C05A7443D}
		{87AE6190-5BB4-4709-A889-2073C32BA286} = {98BFD8AF-2D9B-4636-919F-4D3FE97E7C69}
		{58CC78D5-699F-4C2F-B263-26EE6CD072CB} = {04DCBAA1-1FD6-4E64-BBAD-447C05A7443D}
		{44E033A1-46F8-4889-90D6-A7D4066C709D} = {8F249160-3FA0-480F-9A90-CE204D9BF2CD}
		{EB75BC45-0FDA-45C6-8EAA-27C436C1D1BB} = {98BFD8AF-2D9B-4636-919F-4D3FE97E7C69}
	EndGlobalSection
	GlobalSection(ExtensibilityGlobals) = postSolution
		SolutionGuid = {01933D17-C90C-4AB1-AD6C-523F2F4B584D}
	EndGlobalSection
EndGlobal
