{
  "version": 1,
  "dependencies": {
    "net10.0": {
      "Nwn.Formats": {
        "type": "Direct",
        "requested": "[0.1.0-dev.22, )",
        "resolved": "0.1.0-dev.22",
        "contentHash": "O5hvqKw3rms9xOziUqIIAuodIYQx+VFsbVDSM34cSDB7pjBpYc4u3+mTb4y9mDJ+R+6xhJ6Fyxv3WDrLwCwEkQ=="
      }
    }
  }
}