{
  "version": 1,
  "dependencies": {
    "net10.0": {
      "Nwn.Formats": {
        "type": "Direct",
        "requested": "[0.1.0-dev.25, )",
        "resolved": "0.1.0-dev.25",
        "contentHash": "pEsVWiRIdJw5fMFN1XPaBU/1MrmFL8PQd0IVPg1CNI79Wh4worKphKwbQ12qtMwADBv2utTLVJAylKoOV7N8GQ=="
      }
    }
  }
}