{
  "version": 1,
  "dependencies": {
    "net10.0": {
      "Nwn.Formats": {
        "type": "Direct",
        "requested": "[0.1.0-dev.23, )",
        "resolved": "0.1.0-dev.23",
        "contentHash": "DTTD9U8GZUtf5z54xBEirWOJkOmoO5k0shEUtJa4i+Cz02fNluZd802MK3EvJl2dTcnj1Q/dHuzP26C7JtST4A=="
      }
    }
  }
}