{
  "version": 1,
  "dependencies": {
    "net10.0": {
      "NWN.Core": {
        "type": "Direct",
        "requested": "[8193.37.4, )",
        "resolved": "8193.37.4",
        "contentHash": "EFHDt//HyNY+WEUnvYLDNCtEMS7tFTVolBJw4OP5VTl6u8qIbXZ59dcsT/38x+zzaebK6/6w9uWx3eZ9ep8JDA==",
        "dependencies": {
          "NWNX.NET": "1.0.3"
        }
      },
      "NWNX.NET": {
        "type": "Transitive",
        "resolved": "1.0.3",
        "contentHash": "9jorNV7Afpbt3h16Z6IJjXysaD3F81rcZycEwRlgTe2f0Cz6VK7IBbT2iI+FhpQzR/cCeTdug9K+nOD+QfUrXQ=="
      }
    }
  }
}